
Microsoft Visual Studio Solution File, Format Version 12.00
# Visual Studio Version 16
VisualStudioVersion = 16.0.33529.622
MinimumVisualStudioVersion = 10.0.40219.1
Project("{FAE04EC0-301F-11D3-BF4B-00C04F79EFBC}") = "APITEST", "APITEST\APITEST.csproj", "{528BCAE8-D429-43D7-8A11-0E3B723E9E13}"
EndProject
Global
	GlobalSection(SolutionConfigurationPlatforms) = preSolution
		Debug|Any CPU = Debug|Any CPU
		Release|Any CPU = Release|Any CPU
	EndGlobalSection
	GlobalSection(ProjectConfigurationPlatforms) = postSolution
		{528BCAE8-D429-43D7-8A11-0E3B723E9E13}.Debug|Any CPU.ActiveCfg = Debug|Any CPU
		{528BCAE8-D429-43D7-8A11-0E3B723E9E13}.Debug|Any CPU.Build.0 = Debug|Any CPU
		{528BCAE8-D429-43D7-8A11-0E3B723E9E13}.Release|Any CPU.ActiveCfg = Release|Any CPU
		{528BCAE8-D429-43D7-8A11-0E3B723E9E13}.Release|Any CPU.Build.0 = Release|Any CPU
	EndGlobalSection
	GlobalSection(SolutionProperties) = preSolution
		HideSolutionNode = FALSE
	EndGlobalSection
	GlobalSection(ExtensibilityGlobals) = postSolution
		SolutionGuid = {FE86B1D2-C043-46D5-8352-7FB607B531E5}
	EndGlobalSection
EndGlobal
