
Microsoft Visual Studio Solution File, Format Version 12.00
# Visual Studio Version 17
VisualStudioVersion = 17.10.34916.146
MinimumVisualStudioVersion = 10.0.40219.1
Project("{FAE04EC0-301F-11D3-BF4B-00C04F79EFBC}") = "DartsTravel.Android", "DartsTravel\DartsTravel.Android\DartsTravel.Android.csproj", "{87E63D71-A0EE-4F8E-95B8-B766052A155F}"
EndProject
Project("{FAE04EC0-301F-11D3-BF4B-00C04F79EFBC}") = "DartsTravel.iOS", "DartsTravel\DartsTravel.iOS\DartsTravel.iOS.csproj", "{401F8407-C5A4-4F33-8DCC-10341161C6EB}"
EndProject
Project("{FAE04EC0-301F-11D3-BF4B-00C04F79EFBC}") = "DartsTravel", "DartsTravel\DartsTravel\DartsTravel.csproj", "{C054C2E3-461C-4B46-B26B-766E7F3C86BC}"
EndProject
Global
	GlobalSection(SolutionConfigurationPlatforms) = preSolution
		Debug|Any CPU = Debug|Any CPU
		Debug|iPhone = Debug|iPhone
		Debug|iPhoneSimulator = Debug|iPhoneSimulator
		Release|Any CPU = Release|Any CPU
		Release|iPhone = Release|iPhone
		Release|iPhoneSimulator = Release|iPhoneSimulator
	EndGlobalSection
	GlobalSection(ProjectConfigurationPlatforms) = postSolution
		{87E63D71-A0EE-4F8E-95B8-B766052A155F}.Debug|Any CPU.ActiveCfg = Debug|Any CPU
		{87E63D71-A0EE-4F8E-95B8-B766052A155F}.Debug|Any CPU.Build.0 = Debug|Any CPU
		{87E63D71-A0EE-4F8E-95B8-B766052A155F}.Debug|Any CPU.Deploy.0 = Debug|Any CPU
		{87E63D71-A0EE-4F8E-95B8-B766052A155F}.Debug|iPhone.ActiveCfg = Debug|Any CPU
		{87E63D71-A0EE-4F8E-95B8-B766052A155F}.Debug|iPhone.Build.0 = Debug|Any CPU
		{87E63D71-A0EE-4F8E-95B8-B766052A155F}.Debug|iPhone.Deploy.0 = Debug|Any CPU
		{87E63D71-A0EE-4F8E-95B8-B766052A155F}.Debug|iPhoneSimulator.ActiveCfg = Debug|Any CPU
		{87E63D71-A0EE-4F8E-95B8-B766052A155F}.Debug|iPhoneSimulator.Build.0 = Debug|Any CPU
		{87E63D71-A0EE-4F8E-95B8-B766052A155F}.Debug|iPhoneSimulator.Deploy.0 = Debug|Any CPU
		{87E63D71-A0EE-4F8E-95B8-B766052A155F}.Release|Any CPU.ActiveCfg = Release|Any CPU
		{87E63D71-A0EE-4F8E-95B8-B766052A155F}.Release|Any CPU.Build.0 = Release|Any CPU
		{87E63D71-A0EE-4F8E-95B8-B766052A155F}.Release|Any CPU.Deploy.0 = Release|Any CPU
		{87E63D71-A0EE-4F8E-95B8-B766052A155F}.Release|iPhone.ActiveCfg = Release|Any CPU
		{87E63D71-A0EE-4F8E-95B8-B766052A155F}.Release|iPhone.Build.0 = Release|Any CPU
		{87E63D71-A0EE-4F8E-95B8-B766052A155F}.Release|iPhone.Deploy.0 = Release|Any CPU
		{87E63D71-A0EE-4F8E-95B8-B766052A155F}.Release|iPhoneSimulator.ActiveCfg = Release|Any CPU
		{87E63D71-A0EE-4F8E-95B8-B766052A155F}.Release|iPhoneSimulator.Build.0 = Release|Any CPU
		{87E63D71-A0EE-4F8E-95B8-B766052A155F}.Release|iPhoneSimulator.Deploy.0 = Release|Any CPU
		{401F8407-C5A4-4F33-8DCC-10341161C6EB}.Debug|Any CPU.ActiveCfg = Debug|iPhone
		{401F8407-C5A4-4F33-8DCC-10341161C6EB}.Debug|Any CPU.Build.0 = Debug|iPhone
		{401F8407-C5A4-4F33-8DCC-10341161C6EB}.Debug|Any CPU.Deploy.0 = Debug|iPhone
		{401F8407-C5A4-4F33-8DCC-10341161C6EB}.Debug|iPhone.ActiveCfg = Debug|iPhone
		{401F8407-C5A4-4F33-8DCC-10341161C6EB}.Debug|iPhone.Build.0 = Debug|iPhone
		{401F8407-C5A4-4F33-8DCC-10341161C6EB}.Debug|iPhone.Deploy.0 = Debug|iPhone
		{401F8407-C5A4-4F33-8DCC-10341161C6EB}.Debug|iPhoneSimulator.ActiveCfg = Debug|iPhoneSimulator
		{401F8407-C5A4-4F33-8DCC-10341161C6EB}.Debug|iPhoneSimulator.Build.0 = Debug|iPhoneSimulator
		{401F8407-C5A4-4F33-8DCC-10341161C6EB}.Debug|iPhoneSimulator.Deploy.0 = Debug|iPhoneSimulator
		{401F8407-C5A4-4F33-8DCC-10341161C6EB}.Release|Any CPU.ActiveCfg = Release|iPhoneSimulator
		{401F8407-C5A4-4F33-8DCC-10341161C6EB}.Release|Any CPU.Build.0 = Release|iPhoneSimulator
		{401F8407-C5A4-4F33-8DCC-10341161C6EB}.Release|Any CPU.Deploy.0 = Release|iPhoneSimulator
		{401F8407-C5A4-4F33-8DCC-10341161C6EB}.Release|iPhone.ActiveCfg = Release|iPhone
		{401F8407-C5A4-4F33-8DCC-10341161C6EB}.Release|iPhone.Build.0 = Release|iPhone
		{401F8407-C5A4-4F33-8DCC-10341161C6EB}.Release|iPhone.Deploy.0 = Release|iPhone
		{401F8407-C5A4-4F33-8DCC-10341161C6EB}.Release|iPhoneSimulator.ActiveCfg = Release|iPhoneSimulator
		{401F8407-C5A4-4F33-8DCC-10341161C6EB}.Release|iPhoneSimulator.Build.0 = Release|iPhoneSimulator
		{401F8407-C5A4-4F33-8DCC-10341161C6EB}.Release|iPhoneSimulator.Deploy.0 = Release|iPhoneSimulator
		{C054C2E3-461C-4B46-B26B-766E7F3C86BC}.Debug|Any CPU.ActiveCfg = Debug|Any CPU
		{C054C2E3-461C-4B46-B26B-766E7F3C86BC}.Debug|Any CPU.Build.0 = Debug|Any CPU
		{C054C2E3-461C-4B46-B26B-766E7F3C86BC}.Debug|Any CPU.Deploy.0 = Debug|Any CPU
		{C054C2E3-461C-4B46-B26B-766E7F3C86BC}.Debug|iPhone.ActiveCfg = Debug|Any CPU
		{C054C2E3-461C-4B46-B26B-766E7F3C86BC}.Debug|iPhone.Build.0 = Debug|Any CPU
		{C054C2E3-461C-4B46-B26B-766E7F3C86BC}.Debug|iPhone.Deploy.0 = Debug|Any CPU
		{C054C2E3-461C-4B46-B26B-766E7F3C86BC}.Debug|iPhoneSimulator.ActiveCfg = Debug|Any CPU
		{C054C2E3-461C-4B46-B26B-766E7F3C86BC}.Debug|iPhoneSimulator.Build.0 = Debug|Any CPU
		{C054C2E3-461C-4B46-B26B-766E7F3C86BC}.Debug|iPhoneSimulator.Deploy.0 = Debug|Any CPU
		{C054C2E3-461C-4B46-B26B-766E7F3C86BC}.Release|Any CPU.ActiveCfg = Release|Any CPU
		{C054C2E3-461C-4B46-B26B-766E7F3C86BC}.Release|Any CPU.Build.0 = Release|Any CPU
		{C054C2E3-461C-4B46-B26B-766E7F3C86BC}.Release|Any CPU.Deploy.0 = Release|Any CPU
		{C054C2E3-461C-4B46-B26B-766E7F3C86BC}.Release|iPhone.ActiveCfg = Release|Any CPU
		{C054C2E3-461C-4B46-B26B-766E7F3C86BC}.Release|iPhone.Build.0 = Release|Any CPU
		{C054C2E3-461C-4B46-B26B-766E7F3C86BC}.Release|iPhone.Deploy.0 = Release|Any CPU
		{C054C2E3-461C-4B46-B26B-766E7F3C86BC}.Release|iPhoneSimulator.ActiveCfg = Release|Any CPU
		{C054C2E3-461C-4B46-B26B-766E7F3C86BC}.Release|iPhoneSimulator.Build.0 = Release|Any CPU
		{C054C2E3-461C-4B46-B26B-766E7F3C86BC}.Release|iPhoneSimulator.Deploy.0 = Release|Any CPU
	EndGlobalSection
	GlobalSection(SolutionProperties) = preSolution
		HideSolutionNode = FALSE
	EndGlobalSection
	GlobalSection(ExtensibilityGlobals) = postSolution
		SolutionGuid = {C2588476-E2BC-4593-BDF4-CEC8F01E1C6C}
	EndGlobalSection
EndGlobal
